dependencies:
- name: tenant
  repository: https://operator.min.io
  version: 7.1.1
- name: loki
  repository: https://grafana.github.io/helm-charts
  version: 6.40.0
- name: alloy
  repository: https://grafana.github.io/helm-charts
  version: 1.2.1
digest: sha256:634125123dcc9af79c717c91195b97b15209a1309d0074d1e0872146cc12e3bd
generated: "2025-09-21T17:27:55.465132706+03:00"
